PODS:
  - DZProgressButton (0.1.0)
  - FBSnapshotTestCase (2.0.7):
    - FBSnapshotTestCase/SwiftSupport (= 2.0.7)
  - FBSnapshotTestCase/Core (2.0.7)
  - FBSnapshotTestCase/SwiftSupport (2.0.7):
    - FBSnapshotTestCase/Core

DEPENDENCIES:
  - DZProgressButton (from `../`)
  - FBSnapshotTestCase

EXTERNAL SOURCES:
  DZProgressButton:
    :path: "../"

SPEC CHECKSUMS:
  DZProgressButton: edc317b30050d1e1eb31d9ca12ce5393b67aa4d4
  FBSnapshotTestCase: 7e85180d0d141a0cf472352edda7e80d7eaeb547

COCOAPODS: 0.39.0
